// !$*UTF8*$!
{
	archiveVersion = 1;
	classes = {
	};
	objectVersion = 50;
	objects = {

/* Begin PBXBuildFile section */
		1CDD6B0C24349D2300BF376F /* AppDelegate.swift in Sources */ = {isa = PBXBuildFile; fileRef = 1CDD6B0B24349D2300BF376F /* AppDelegate.swift */; };
		1CDD6B0E24349D2300BF376F /* SceneDelegate.swift in Sources */ = {isa = PBXBuildFile; fileRef = 1CDD6B0D24349D2300BF376F /* SceneDelegate.swift */; };
		1CDD6B1024349D2300BF376F /* ContentView.swift in Sources */ = {isa = PBXBuildFile; fileRef = 1CDD6B0F24349D2300BF376F /* ContentView.swift */; };
		1CDD6B1224349D2500BF376F /* Assets.xcassets in Resources */ = {isa = PBXBuildFile; fileRef = 1CDD6B1124349D2500BF376F /* Assets.xcassets */; };
		1CDD6B1524349D2500BF376F /* Preview Assets.xcassets in Resources */ = {isa = PBXBuildFile; fileRef = 1CDD6B1424349D2500BF376F /* Preview Assets.xcassets */; };
		1CDD6B1824349D2500BF376F /* LaunchScreen.storyboard in Resources */ = {isa = PBXBuildFile; fileRef = 1CDD6B1624349D2500BF376F /* LaunchScreen.storyboard */; };
/* End PBXBuildFile section */

/* Begin PBXFileReference section */
		1CDD6B0824349D2300BF376F /* RockScissorsPaper.app */ = {isa = PBXFileReference; explicitFileType = wrapper.application; includeInIndex = 0; path = RockScissorsPaper.app; sourceTree = BUILT_PRODUCTS_DIR; };
		1CDD6B0B24349D2300BF376F /* AppDelegate.swift */ = {isa = PBXFileReference; lastKnownFileType = sourcecode.swift; path = AppDelegate.swift; sourceTree = "<group>"; };
		1CDD6B0D24349D2300BF376F /* SceneDelegate.swift */ = {isa = PBXFileReference; lastKnownFileType = sourcecode.swift; path = SceneDelegate.swift; sourceTree = "<group>"; };
		1CDD6B0F24349D2300BF376F /* ContentView.swift */ = {isa = PBXFileReference; lastKnownFileType = sourcecode.swift; path = ContentView.swift; sourceTree = "<group>"; };
		1CDD6B1124349D2500BF376F /* Assets.xcassets */ = {isa = PBXFileReference; lastKnownFileType = folder.assetcatalog; path = Assets.xcassets; sourceTree = "<group>"; };
		1CDD6B1424349D2500BF376F /* Preview Assets.xcassets */ = {isa = PBXFileReference; lastKnownFileType = folder.assetcatalog; path = "Preview Assets.xcassets"; sourceTree = "<group>"; };
		1CDD6B1724349D2500BF376F /* Base */ = {isa = PBXFileReference; lastKnownFileType = file.storyboard; name = Base; path = Base.lproj/LaunchScreen.storyboard; sourceTree = "<group>"; };
		1CDD6B1924349D2500BF376F /* Info.plist */ = {isa = PBXFileReference; lastKnownFileType = text.plist.xml; path = Info.plist; sourceTree = "<group>"; };
/* End PBXFileReference section */

/* Begin PBXFrameworksBuildPhase section */
		1CDD6B0524349D2300BF376F /* Frameworks */ = {
			isa = PBXFrameworksBuildPhase;
			buildActionMask = 2147483647;
			files = (
			);
			runOnlyForDeploymentPostprocessing = 0;
		};
/* End PBXFrameworksBuildPhase section */

/* Begin PBXGroup section */
		1CDD6AFF24349D2300BF376F = {
			isa = PBXGroup;
			children = (
				1CDD6B0A24349D2300BF376F /* RockScissorsPaper */,
				1CDD6B0924349D2300BF376F /* Products */,
			);
			sourceTree = "<group>";
		};
		1CDD6B0924349D2300BF376F /* Products */ = {
			isa = PBXGroup;
			children = (
				1CDD6B0824349D2300BF376F /* RockScissorsPaper.app */,
			);
			name = Products;
			sourceTree = "<group>";
		};
		1CDD6B0A24349D2300BF376F /* RockScissorsPaper */ = {
			isa = PBXGroup;
			children = (
				1CDD6B0B24349D2300BF376F /* AppDelegate.swift */,
				1CDD6B0D24349D2300BF376F /* SceneDelegate.swift */,
				1CDD6B0F24349D2300BF376F /* ContentView.swift */,
				1CDD6B1124349D2500BF376F /* Assets.xcassets */,
				1CDD6B1624349D2500BF376F /* LaunchScreen.storyboard */,
				1CDD6B1924349D2500BF376F /* Info.plist */,
				1CDD6B1324349D2500BF376F /* Preview Content */,
			);
			path = RockScissorsPaper;
			sourceTree = "<group>";
		};
		1CDD6B1324349D2500BF376F /* Preview Content */ = {
			isa = PBXGroup;
			children = (
				1CDD6B1424349D2500BF376F /* Preview Assets.xcassets */,
			);
			path = "Preview Content";
			sourceTree = "<group>";
		};
/* End PBXGroup section */

/* Begin PBXNativeTarget section */
		1CDD6B0724349D2300BF376F /* RockScissorsPaper */ = {
			isa = PBXNativeTarget;
			buildConfigurationList = 1CDD6B1C24349D2500BF376F /* Build configuration list for PBXNativeTarget "RockScissorsPaper" */;
			buildPhases = (
				1CDD6B0424349D2300BF376F /* Sources */,
				1CDD6B0524349D2300BF376F /* Frameworks */,
				1CDD6B0624349D2300BF376F /* Resources */,
			);
			buildRules = (
			);
			dependencies = (
			);
			name = RockScissorsPaper;
			productName = RockScissorsPaper;
			productReference = 1CDD6B0824349D2300BF376F /* RockScissorsPaper.app */;
			productType = "com.apple.product-type.application";
		};
/* End PBXNativeTarget section */

/* Begin PBXProject section */
		1CDD6B0024349D2300BF376F /* Project object */ = {
			isa = PBXProject;
			attributes = {
				LastSwiftUpdateCheck = 1140;
				LastUpgradeCheck = 1140;
				ORGANIZATIONNAME = Howard;
				TargetAttributes = {
					1CDD6B0724349D2300BF376F = {
						CreatedOnToolsVersion = 11.4;
					};
				};
			};
			buildConfigurationList = 1CDD6B0324349D2300BF376F /* Build configuration list for PBXProject "RockScissorsPaper" */;
			compatibilityVersion = "Xcode 9.3";
			developmentRegion = en;
			hasScannedForEncodings = 0;
			knownRegions = (
				en,
				Base,
			);
			mainGroup = 1CDD6AFF24349D2300BF376F;
			productRefGroup = 1CDD6B0924349D2300BF376F /* Products */;
			projectDirPath = "";
			projectRoot = "";
			targets = (
				1CDD6B0724349D2300BF376F /* RockScissorsPaper */,
			);
		};
/* End PBXProject section */

/* Begin PBXResourcesBuildPhase section */
		1CDD6B0624349D2300BF376F /* Resources */ = {
			isa = PBXResourcesBuildPhase;
			buildActionMask = 2147483647;
			files = (
				1CDD6B1824349D2500BF376F /* LaunchScreen.storyboard in Resources */,
				1CDD6B1524349D2500BF376F /* Preview Assets.xcassets in Resources */,
				1CDD6B1224349D2500BF376F /* Assets.xcassets in Resources */,
			);
			runOnlyForDeploymentPostprocessing = 0;
		};
/* End PBXResourcesBuildPhase section */

/* Begin PBXSourcesBuildPhase section */
		1CDD6B0424349D2300BF376F /* Sources */ = {
			isa = PBXSourcesBuildPhase;
			buildActionMask = 2147483647;
			files = (
				1CDD6B0C24349D2300BF376F /* AppDelegate.swift in Sources */,
				1CDD6B0E24349D2300BF376F /* SceneDelegate.swift in Sources */,
				1CDD6B1024349D2300BF376F /* ContentView.swift in Sources */,
			);
			runOnlyForDeploymentPostprocessing = 0;
		};
/* End PBXSourcesBuildPhase section */

/* Begin PBXVariantGroup section */
		1CDD6B1624349D2500BF376F /* LaunchScreen.storyboard */ = {
			isa = PBXVariantGroup;
			children = (
				1CDD6B1724349D2500BF376F /* Base */,
			);
			name = LaunchScreen.storyboard;
			sourceTree = "<group>";
		};
/* End PBXVariantGroup section */

/* Begin XCBuildConfiguration section */
		1CDD6B1A24349D2500BF376F /* Debug */ = {
			isa = XCBuildConfiguration;
			buildSettings = {
				ALWAYS_SEARCH_USER_PATHS = NO;
				CLANG_ANALYZER_NONNULL = YES;
				CLANG_ANALYZER_NUMBER_OBJECT_CONVERSION = YES_AGGRESSIVE;
				CLANG_CXX_LANGUAGE_STANDARD = "gnu++14";
				CLANG_CXX_LIBRARY = "libc++";
				CLANG_ENABLE_MODULES = YES;
				CLANG_ENABLE_OBJC_ARC = YES;
				CLANG_ENABLE_OBJC_WEAK = YES;
				CLANG_WARN_BLOCK_CAPTURE_AUTORELEASING = YES;
				CLANG_WARN_BOOL_CONVERSION = YES;
				CLANG_WARN_COMMA = YES;
				CLANG_WARN_CONSTANT_CONVERSION = YES;
				CLANG_WARN_DEPRECATED_OBJC_IMPLEMENTATIONS = YES;
				CLANG_WARN_DIRECT_OBJC_ISA_USAGE = YES_ERROR;
				CLANG_WARN_DOCUMENTATION_COMMENTS = YES;
				CLANG_WARN_EMPTY_BODY = YES;
				CLANG_WARN_ENUM_CONVERSION = YES;
				CLANG_WARN_INFINITE_RECURSION = YES;
				CLANG_WARN_INT_CONVERSION = YES;
				CLANG_WARN_NON_LITERAL_NULL_CONVERSION = YES;
				CLANG_WARN_OBJC_IMPLICIT_RETAIN_SELF = YES;
				CLANG_WARN_OBJC_LITERAL_CONVERSION = YES;
				CLANG_WARN_OBJC_ROOT_CLASS = YES_ERROR;
				CLANG_WARN_RANGE_LOOP_ANALYSIS = YES;
				CLANG_WARN_STRICT_PROTOTYPES = YES;
				CLANG_WARN_SUSPICIOUS_MOVE = YES;
				CLANG_WARN_UNGUARDED_AVAILABILITY = YES_AGGRESSIVE;
				CLANG_WARN_UNREACHABLE_CODE = YES;
				CLANG_WARN__DUPLICATE_METHOD_MATCH = YES;
				COPY_PHASE_STRIP = NO;
				DEBUG_INFORMATION_FORMAT = dwarf;
				ENABLE_STRICT_OBJC_MSGSEND = YES;
				ENABLE_TESTABILITY = YES;
				GCC_C_LANGUAGE_STANDARD = gnu11;
				GCC_DYNAMIC_NO_PIC = NO;
				GCC_NO_COMMON_BLOCKS = YES;
				GCC_OPTIMIZATION_LEVEL = 0;
				GCC_PREPROCESSOR_DEFINITIONS = (
					"DEBUG=1",
					"$(inherited)",
				);
				GCC_WARN_64_TO_32_BIT_CONVERSION = YES;
				GCC_WARN_ABOUT_RETURN_TYPE = YES_ERROR;
				GCC_WARN_UNDECLARED_SELECTOR = YES;
				GCC_WARN_UNINITIALIZED_AUTOS = YES_AGGRESSIVE;
				GCC_WARN_UNUSED_FUNCTION = YES;
				GCC_WARN_UNUSED_VARIABLE = YES;
				IPHONEOS_DEPLOYMENT_TARGET = 13.4;
				MTL_ENABLE_DEBUG_INFO = INCLUDE_SOURCE;
				MTL_FAST_MATH = YES;
				ONLY_ACTIVE_ARCH = YES;
				SDKROOT = iphoneos;
				SWIFT_ACTIVE_COMPILATION_CONDITIONS = DEBUG;
				SWIFT_OPTIMIZATION_LEVEL = "-Onone";
			};
			name = Debug;
		};
		1CDD6B1B24349D2500BF376F /* Release */ = {
			isa = XCBuildConfiguration;
			buildSettings = {
				ALWAYS_SEARCH_USER_PATHS = NO;
				CLANG_ANALYZER_NONNULL = YES;
				CLANG_ANALYZER_NUMBER_OBJECT_CONVERSION = YES_AGGRESSIVE;
				CLANG_CXX_LANGUAGE_STANDARD = "gnu++14";
				CLANG_CXX_LIBRARY = "libc++";
				CLANG_ENABLE_MODULES = YES;
				CLANG_ENABLE_OBJC_ARC = YES;
				CLANG_ENABLE_OBJC_WEAK = YES;
				CLANG_WARN_BLOCK_CAPTURE_AUTORELEASING = YES;
				CLANG_WARN_BOOL_CONVERSION = YES;
				CLANG_WARN_COMMA = YES;
				CLANG_WARN_CONSTANT_CONVERSION = YES;
				CLANG_WARN_DEPRECATED_OBJC_IMPLEMENTATIONS = YES;
				CLANG_WARN_DIRECT_OBJC_ISA_USAGE = YES_ERROR;
				CLANG_WARN_DOCUMENTATION_COMMENTS = YES;
				CLANG_WARN_EMPTY_BODY = YES;
				CLANG_WARN_ENUM_CONVERSION = YES;
				CLANG_WARN_INFINITE_RECURSION = YES;
				CLANG_WARN_INT_CONVERSION = YES;
				CLANG_WARN_NON_LITERAL_NULL_CONVERSION = YES;
				CLANG_WARN_OBJC_IMPLICIT_RETAIN_SELF = YES;
				CLANG_WARN_OBJC_LITERAL_CONVERSION = YES;
				CLANG_WARN_OBJC_ROOT_CLASS = YES_ERROR;
				CLANG_WARN_RANGE_LOOP_ANALYSIS = YES;
				CLANG_WARN_STRICT_PROTOTYPES = YES;
				CLANG_WARN_SUSPICIOUS_MOVE = YES;
				CLANG_WARN_UNGUARDED_AVAILABILITY = YES_AGGRESSIVE;
				CLANG_WARN_UNREACHABLE_CODE = YES;
				CLANG_WARN__DUPLICATE_METHOD_MATCH = YES;
				COPY_PHASE_STRIP = NO;
				DEBUG_INFORMATION_FORMAT = "dwarf-with-dsym";
				ENABLE_NS_ASSERTIONS = NO;
				ENABLE_STRICT_OBJC_MSGSEND = YES;
				GCC_C_LANGUAGE_STANDARD = gnu11;
				GCC_NO_COMMON_BLOCKS = YES;
				GCC_WARN_64_TO_32_BIT_CONVERSION = YES;
				GCC_WARN_ABOUT_RETURN_TYPE = YES_ERROR;
				GCC_WARN_UNDECLARED_SELECTOR = YES;
				GCC_WARN_UNINITIALIZED_AUTOS = YES_AGGRESSIVE;
				GCC_WARN_UNUSED_FUNCTION = YES;
				GCC_WARN_UNUSED_VARIABLE = YES;
				IPHONEOS_DEPLOYMENT_TARGET = 13.4;
				MTL_ENABLE_DEBUG_INFO = NO;
				MTL_FAST_MATH = YES;
				SDKROOT = iphoneos;
				SWIFT_COMPILATION_MODE = wholemodule;
				SWIFT_OPTIMIZATION_LEVEL = "-O";
				VALIDATE_PRODUCT = YES;
			};
			name = Release;
		};
		1CDD6B1D24349D2500BF376F /* Debug */ = {
			isa = XCBuildConfiguration;
			buildSettings = {
				ASSETCATALOG_COMPILER_APPICON_NAME = AppIcon;
				CODE_SIGN_STYLE = Automatic;
				DEVELOPMENT_ASSET_PATHS = "\"RockScissorsPaper/Preview Content\"";
				ENABLE_PREVIEWS = YES;
				INFOPLIST_FILE = RockScissorsPaper/Info.plist;
				LD_RUNPATH_SEARCH_PATHS = (
					"$(inherited)",
					"@executable_path/Frameworks",
				);
				PRODUCT_BUNDLE_IDENTIFIER = cn.hh.RockScissorsPaper;
				PRODUCT_NAME = "$(TARGET_NAME)";
				SWIFT_VERSION = 5.0;
				TARGETED_DEVICE_FAMILY = "1,2";
			};
			name = Debug;
		};
		1CDD6B1E24349D2500BF376F /* Release */ = {
			isa = XCBuildConfiguration;
			buildSettings = {
				ASSETCATALOG_COMPILER_APPICON_NAME = AppIcon;
				CODE_SIGN_STYLE = Automatic;
				DEVELOPMENT_ASSET_PATHS = "\"RockScissorsPaper/Preview Content\"";
				ENABLE_PREVIEWS = YES;
				INFOPLIST_FILE = RockScissorsPaper/Info.plist;
				LD_RUNPATH_SEARCH_PATHS = (
					"$(inherited)",
					"@executable_path/Frameworks",
				);
				PRODUCT_BUNDLE_IDENTIFIER = cn.hh.RockScissorsPaper;
				PRODUCT_NAME = "$(TARGET_NAME)";
				SWIFT_VERSION = 5.0;
				TARGETED_DEVICE_FAMILY = "1,2";
			};
			name = Release;
		};
/* End XCBuildConfiguration section */

/* Begin XCConfigurationList section */
		1CDD6B0324349D2300BF376F /* Build configuration list for PBXProject "RockScissorsPaper" */ = {
			isa = XCConfigurationList;
			buildConfigurations = (
				1CDD6B1A24349D2500BF376F /* Debug */,
				1CDD6B1B24349D2500BF376F /* Release */,
			);
			defaultConfigurationIsVisible = 0;
			defaultConfigurationName = Release;
		};
		1CDD6B1C24349D2500BF376F /* Build configuration list for PBXNativeTarget "RockScissorsPaper" */ = {
			isa = XCConfigurationList;
			buildConfigurations = (
				1CDD6B1D24349D2500BF376F /* Debug */,
				1CDD6B1E24349D2500BF376F /* Release */,
			);
			defaultConfigurationIsVisible = 0;
			defaultConfigurationName = Release;
		};
/* End XCConfigurationList section */
	};
	rootObject = 1CDD6B0024349D2300BF376F /* Project object */;
}
